# This file is automatically @generated by Cargo.
# It is not intended for manual editing.
version = 4

[[package]]
name = "bit_field"
version = "0.10.3"
source = "registry+https://github.com/rust-lang/crates.io-index"
checksum = "1e4b40c7323adcfc0a41c4b88143ed58346ff65a288fc144329c5c45e05d70c6"

[[package]]
name = "bitflags"
version = "1.3.2"
source = "registry+https://github.com/rust-lang/crates.io-index"
checksum = "bef38d45163c2f1dde094a7dfd33ccf595c92905c8f8f4fdc18d06fb1037718a"

[[package]]
name = "bitflags"
version = "2.11.0"
source = "registry+https://github.com/rust-lang/crates.io-index"
checksum = "843867be96c8daad0d758b57df9392b6d8d271134fce549de6ce169ff98a92af"

[[package]]
name = "critical-section"
version = "1.2.0"
source = "registry+https://github.com/rust-lang/crates.io-index"
checksum = "790eea4361631c5e7d22598ecd5723ff611904e3344ce8720784c93e3d83d40b"

[[package]]
name = "embedded-hal"
version = "0.2.7"
source = "registry+https://github.com/rust-lang/crates.io-index"
checksum = "35949884794ad573cf46071e41c9b60efb0cb311e3ca01f7af807af1debc66ff"
dependencies = [
 "nb 0.1.3",
 "void",
]

[[package]]
name = "kernel"
version = "0.1.0"
dependencies = [
 "bitflags 2.11.0",
 "riscv",
 "tg-rcore-tutorial-console",
 "tg-rcore-tutorial-kernel-context",
 "tg-rcore-tutorial-linker",
 "tg-rcore-tutorial-sbi",
 "tg-rcore-tutorial-syscall",
]

[[package]]
name = "lock_api"
version = "0.4.14"
source = "registry+https://github.com/rust-lang/crates.io-index"
checksum = "224399e74b87b5f3557511d98dff8b14089b3dadafcab6bb93eab67d3aace965"
dependencies = [
 "scopeguard",
]

[[package]]
name = "log"
version = "0.4.29"
source = "registry+https://github.com/rust-lang/crates.io-index"
checksum = "5e5032e24019045c762d3c0f28f5b6b8bbf38563a65908389bf7978758920897"

[[package]]
name = "nb"
version = "0.1.3"
source = "registry+https://github.com/rust-lang/crates.io-index"
checksum = "801d31da0513b6ec5214e9bf433a77966320625a37860f910be265be6e18d06f"
dependencies = [
 "nb 1.1.0",
]

[[package]]
name = "nb"
version = "1.1.0"
source = "registry+https://github.com/rust-lang/crates.io-index"
checksum = "8d5439c4ad607c3c23abf66de8c8bf57ba8adcd1f129e699851a6e43935d339d"

[[package]]
name = "numeric-enum-macro"
version = "0.2.0"
source = "registry+https://github.com/rust-lang/crates.io-index"
checksum = "300e4bdb6b46b592948e700ea1ef24a4296491f6a0ee722b258040abd15a3714"

[[package]]
name = "riscv"
version = "0.10.1"
source = "registry+https://github.com/rust-lang/crates.io-index"
checksum = "aa3145d2fae3778b1e31ec2e827b228bdc6abd9b74bb5705ba46dcb82069bc4f"
dependencies = [
 "bit_field",
 "critical-section",
 "embedded-hal",
]

[[package]]
name = "scopeguard"
version = "1.2.0"
source = "registry+https://github.com/rust-lang/crates.io-index"
checksum = "94143f37725109f92c262ed2cf5e59bce7498c01bcc1502d7b9afe439a4e9f49"

[[package]]
name = "spin"
version = "0.9.8"
source = "registry+https://github.com/rust-lang/crates.io-index"
checksum = "6980e8d7511241f8acf4aebddbb1ff938df5eebe98691418c4468d0b72a96a67"
dependencies = [
 "lock_api",
]

[[package]]
name = "tg-rcore-tutorial-console"
version = "0.4.5"
source = "registry+https://github.com/rust-lang/crates.io-index"
checksum = "d551caaad4cdc01fa6e4ebb9a2492c9c0ee344edfeea0d80d9b6cc81dc53dd7d"
dependencies = [
 "log",
 "spin",
]

[[package]]
name = "tg-rcore-tutorial-kernel-context"
version = "0.4.5"
source = "registry+https://github.com/rust-lang/crates.io-index"
checksum = "b118b8686bc4125b119c1a780c961e0ddcfa8762cf4cd6bbcc58757912e4c513"

[[package]]
name = "tg-rcore-tutorial-linker"
version = "0.4.5"
source = "registry+https://github.com/rust-lang/crates.io-index"
checksum = "6af61169c1d6252d3d2124b83ae97791e5407521bd3f2cf06fe62e3f3cc059a8"

[[package]]
name = "tg-rcore-tutorial-sbi"
version = "0.4.5"
source = "registry+https://github.com/rust-lang/crates.io-index"
checksum = "2f8ca79f0f7ce4ec4889134a0553dc103a3f8230b5113ae8ee651db70cdad7e0"

[[package]]
name = "tg-rcore-tutorial-signal-defs"
version = "0.4.8"
source = "registry+https://github.com/rust-lang/crates.io-index"
checksum = "73733a667decd8bdb25f28a78f3bafa0e9b4d8b48aa777f4c4d9ed90420e5599"
dependencies = [
 "numeric-enum-macro",
]

[[package]]
name = "tg-rcore-tutorial-syscall"
version = "0.4.8"
source = "registry+https://github.com/rust-lang/crates.io-index"
checksum = "7ee2dc6424685d804aaa33c64790b619b869b4f99bc05e80693e25058714736b"
dependencies = [
 "bitflags 1.3.2",
 "spin",
 "tg-rcore-tutorial-signal-defs",
]

[[package]]
name = "void"
version = "1.0.2"
source = "registry+https://github.com/rust-lang/crates.io-index"
checksum = "6a02e4885ed3bc0f2de90ea6dd45ebcbb66dacffe03547fadbb0eeae2770887d"
